uuid: 9521caec-50f3-4b8b-bdea-300ce56ff73a
langcode: en
status: true
dependencies:
  config:
    - views.view.roles_view
  module:
    - system
    - views
  theme:
    - seven
id: views_block__roles_view_roles_view_block
theme: seven
region: content
weight: 0
provider: null
plugin: 'views_block:roles_view-roles_view_block'
settings:
  id: 'views_block:roles_view-roles_view_block'
  label: ''
  label_display: visible
  provider: views
  context_mapping:
    uid: '@user.current_user_context:current_user'
  views_label: ''
  items_per_page: none
visibility:
  request_path:
    id: request_path
    negate: false
    pages: '/user/*'
